
Microsoft Visual Studio Solution File, Format Version 12.00
# Visual Studio Version 17
VisualStudioVersion = 17.8.34330.188
MinimumVisualStudioVersion = 10.0.40219.1
Project("{FAE04EC0-301F-11D3-BF4B-00C04F79EFBC}") = "ProductApi.Application", "ProductApi.Application\ProductApi.Application.csproj", "{0D5E251B-88E8-44CD-8C49-684803812975}"
EndProject
Project("{FAE04EC0-301F-11D3-BF4B-00C04F79EFBC}") = "ProductApi.Domain", "ProductApi.Domain\ProductApi.Domain.csproj", "{E894265F-031B-4154-837D-08D752EA56D8}"
EndProject
Project("{FAE04EC0-301F-11D3-BF4B-00C04F79EFBC}") = "ProductApi.Infrastructure", "ProductApi.Infrastructure\ProductApi.Infrastructure.csproj", "{E685B497-AEFC-4E15-AC5F-DC2476C7647F}"
EndProject
Project("{FAE04EC0-301F-11D3-BF4B-00C04F79EFBC}") = "ProductApi.Presentation", "ProductApi.Presentation\ProductApi.Presentation.csproj", "{98D8F816-7CDE-4B6F-AA60-2D54E2E24A3F}"
EndProject
Project("{9A19103F-16F7-4668-BE54-9A1E7A4F7556}") = "eCommerce.SharedLibrary", "..\DemoECommerce.SharedLibrary\eCommerce.SharedLibrary\eCommerce.SharedLibrary.csproj", "{DD1D3027-A2AD-487B-9540-820D3D20A171}"
EndProject
Global
	GlobalSection(SolutionConfigurationPlatforms) = preSolution
		Debug|Any CPU = Debug|Any CPU
		Release|Any CPU = Release|Any CPU
	EndGlobalSection
	GlobalSection(ProjectConfigurationPlatforms) = postSolution
		{0D5E251B-88E8-44CD-8C49-684803812975}.Debug|Any CPU.ActiveCfg = Debug|Any CPU
		{0D5E251B-88E8-44CD-8C49-684803812975}.Debug|Any CPU.Build.0 = Debug|Any CPU
		{0D5E251B-88E8-44CD-8C49-684803812975}.Release|Any CPU.ActiveCfg = Release|Any CPU
		{0D5E251B-88E8-44CD-8C49-684803812975}.Release|Any CPU.Build.0 = Release|Any CPU
		{E894265F-031B-4154-837D-08D752EA56D8}.Debug|Any CPU.ActiveCfg = Debug|Any CPU
		{E894265F-031B-4154-837D-08D752EA56D8}.Debug|Any CPU.Build.0 = Debug|Any CPU
		{E894265F-031B-4154-837D-08D752EA56D8}.Release|Any CPU.ActiveCfg = Release|Any CPU
		{E894265F-031B-4154-837D-08D752EA56D8}.Release|Any CPU.Build.0 = Release|Any CPU
		{E685B497-AEFC-4E15-AC5F-DC2476C7647F}.Debug|Any CPU.ActiveCfg = Debug|Any CPU
		{E685B497-AEFC-4E15-AC5F-DC2476C7647F}.Debug|Any CPU.Build.0 = Debug|Any CPU
		{E685B497-AEFC-4E15-AC5F-DC2476C7647F}.Release|Any CPU.ActiveCfg = Release|Any CPU
		{E685B497-AEFC-4E15-AC5F-DC2476C7647F}.Release|Any CPU.Build.0 = Release|Any CPU
		{98D8F816-7CDE-4B6F-AA60-2D54E2E24A3F}.Debug|Any CPU.ActiveCfg = Debug|Any CPU
		{98D8F816-7CDE-4B6F-AA60-2D54E2E24A3F}.Debug|Any CPU.Build.0 = Debug|Any CPU
		{98D8F816-7CDE-4B6F-AA60-2D54E2E24A3F}.Release|Any CPU.ActiveCfg = Release|Any CPU
		{98D8F816-7CDE-4B6F-AA60-2D54E2E24A3F}.Release|Any CPU.Build.0 = Release|Any CPU
		{DD1D3027-A2AD-487B-9540-820D3D20A171}.Debug|Any CPU.ActiveCfg = Debug|Any CPU
		{DD1D3027-A2AD-487B-9540-820D3D20A171}.Debug|Any CPU.Build.0 = Debug|Any CPU
		{DD1D3027-A2AD-487B-9540-820D3D20A171}.Release|Any CPU.ActiveCfg = Release|Any CPU
		{DD1D3027-A2AD-487B-9540-820D3D20A171}.Release|Any CPU.Build.0 = Release|Any CPU
	EndGlobalSection
	GlobalSection(SolutionProperties) = preSolution
		HideSolutionNode = FALSE
	EndGlobalSection
	GlobalSection(ExtensibilityGlobals) = postSolution
		SolutionGuid = {510FFF99-4FAF-411A-8013-7524D7EFEAB2}
	EndGlobalSection
EndGlobal
