
Microsoft Visual Studio Solution File, Format Version 12.00
# Visual Studio Version 17
VisualStudioVersion = 17.8.34330.188
MinimumVisualStudioVersion = 10.0.40219.1
Project("{FAE04EC0-301F-11D3-BF4B-00C04F79EFBC}") = "OrderApi.Domain", "OrderApi.Domain\OrderApi.Domain.csproj", "{00803ED3-7F2F-47FC-8CCC-25D162FAB718}"
EndProject
Project("{FAE04EC0-301F-11D3-BF4B-00C04F79EFBC}") = "OrderApi.Application", "OrderApi.Application\OrderApi.Application.csproj", "{E8DE30DE-C619-4F23-A4DF-FA27E69866C0}"
EndProject
Project("{FAE04EC0-301F-11D3-BF4B-00C04F79EFBC}") = "OrderApi.Infrastructure", "OrderApi.Infrastructure\OrderApi.Infrastructure.csproj", "{BAABB56C-E853-4A49-84CC-DB264BAF7638}"
EndProject
Project("{FAE04EC0-301F-11D3-BF4B-00C04F79EFBC}") = "OrderApi.Presentation", "OrderApi.Presentation\OrderApi.Presentation.csproj", "{69CAA8C7-B97A-4358-89F9-E33DB7ECD678}"
EndProject
Project("{9A19103F-16F7-4668-BE54-9A1E7A4F7556}") = "eCommerce.SharedLibrary", "..\DemoECommerce.SharedLibrary\eCommerce.SharedLibrary\eCommerce.SharedLibrary.csproj", "{C4A321F6-6EA5-4A73-9C64-0ACB2B5E76E2}"
EndProject
Global
	GlobalSection(SolutionConfigurationPlatforms) = preSolution
		Debug|Any CPU = Debug|Any CPU
		Release|Any CPU = Release|Any CPU
	EndGlobalSection
	GlobalSection(ProjectConfigurationPlatforms) = postSolution
		{00803ED3-7F2F-47FC-8CCC-25D162FAB718}.Debug|Any CPU.ActiveCfg = Debug|Any CPU
		{00803ED3-7F2F-47FC-8CCC-25D162FAB718}.Debug|Any CPU.Build.0 = Debug|Any CPU
		{00803ED3-7F2F-47FC-8CCC-25D162FAB718}.Release|Any CPU.ActiveCfg = Release|Any CPU
		{00803ED3-7F2F-47FC-8CCC-25D162FAB718}.Release|Any CPU.Build.0 = Release|Any CPU
		{E8DE30DE-C619-4F23-A4DF-FA27E69866C0}.Debug|Any CPU.ActiveCfg = Debug|Any CPU
		{E8DE30DE-C619-4F23-A4DF-FA27E69866C0}.Debug|Any CPU.Build.0 = Debug|Any CPU
		{E8DE30DE-C619-4F23-A4DF-FA27E69866C0}.Release|Any CPU.ActiveCfg = Release|Any CPU
		{E8DE30DE-C619-4F23-A4DF-FA27E69866C0}.Release|Any CPU.Build.0 = Release|Any CPU
		{BAABB56C-E853-4A49-84CC-DB264BAF7638}.Debug|Any CPU.ActiveCfg = Debug|Any CPU
		{BAABB56C-E853-4A49-84CC-DB264BAF7638}.Debug|Any CPU.Build.0 = Debug|Any CPU
		{BAABB56C-E853-4A49-84CC-DB264BAF7638}.Release|Any CPU.ActiveCfg = Release|Any CPU
		{BAABB56C-E853-4A49-84CC-DB264BAF7638}.Release|Any CPU.Build.0 = Release|Any CPU
		{69CAA8C7-B97A-4358-89F9-E33DB7ECD678}.Debug|Any CPU.ActiveCfg = Debug|Any CPU
		{69CAA8C7-B97A-4358-89F9-E33DB7ECD678}.Debug|Any CPU.Build.0 = Debug|Any CPU
		{69CAA8C7-B97A-4358-89F9-E33DB7ECD678}.Release|Any CPU.ActiveCfg = Release|Any CPU
		{69CAA8C7-B97A-4358-89F9-E33DB7ECD678}.Release|Any CPU.Build.0 = Release|Any CPU
		{C4A321F6-6EA5-4A73-9C64-0ACB2B5E76E2}.Debug|Any CPU.ActiveCfg = Debug|Any CPU
		{C4A321F6-6EA5-4A73-9C64-0ACB2B5E76E2}.Debug|Any CPU.Build.0 = Debug|Any CPU
		{C4A321F6-6EA5-4A73-9C64-0ACB2B5E76E2}.Release|Any CPU.ActiveCfg = Release|Any CPU
		{C4A321F6-6EA5-4A73-9C64-0ACB2B5E76E2}.Release|Any CPU.Build.0 = Release|Any CPU
	EndGlobalSection
	GlobalSection(SolutionProperties) = preSolution
		HideSolutionNode = FALSE
	EndGlobalSection
	GlobalSection(ExtensibilityGlobals) = postSolution
		SolutionGuid = {FC83FA58-6572-45C1-9460-26C9131A1FD9}
	EndGlobalSection
EndGlobal
