
Microsoft Visual Studio Solution File, Format Version 12.00
# Visual Studio Version 17
VisualStudioVersion = 17.8.34525.116
MinimumVisualStudioVersion = 10.0.40219.1
Project("{9A19103F-16F7-4668-BE54-9A1E7A4F7556}") = "AuthenticationApi.Domain", "AuthenticationApi.Domain\AuthenticationApi.Domain.csproj", "{46D360A4-EBB0-42D3-AC42-6B9D1C283EE9}"
EndProject
Project("{9A19103F-16F7-4668-BE54-9A1E7A4F7556}") = "AuthenticationApi.Application", "AuthenticationApi.Application\AuthenticationApi.Application.csproj", "{C2945113-F1AB-4DF1-BEEC-CA13ECB328C4}"
EndProject
Project("{9A19103F-16F7-4668-BE54-9A1E7A4F7556}") = "AuthenticationApi.Infrastructure", "AuthenticationApi.Infrastructure\AuthenticationApi.Infrastructure.csproj", "{DA40C65E-F42F-461A-BD71-21655AA47D82}"
EndProject
Project("{9A19103F-16F7-4668-BE54-9A1E7A4F7556}") = "AuthenticationApi.Presentation", "AuthentifactionApi.Presentation\AuthenticationApi.Presentation.csproj", "{1A3B1CFE-3BE8-4CE1-85F5-E0AF56E1A795}"
EndProject
Project("{9A19103F-16F7-4668-BE54-9A1E7A4F7556}") = "eCommerce.SharedLibrary", "..\DemoECommerce.SharedLibrary\eCommerce.SharedLibrary\eCommerce.SharedLibrary.csproj", "{01F6C7C0-7E7D-4C1F-A534-CEFE08262805}"
EndProject
Global
	GlobalSection(SolutionConfigurationPlatforms) = preSolution
		Debug|Any CPU = Debug|Any CPU
		Release|Any CPU = Release|Any CPU
	EndGlobalSection
	GlobalSection(ProjectConfigurationPlatforms) = postSolution
		{46D360A4-EBB0-42D3-AC42-6B9D1C283EE9}.Debug|Any CPU.ActiveCfg = Debug|Any CPU
		{46D360A4-EBB0-42D3-AC42-6B9D1C283EE9}.Debug|Any CPU.Build.0 = Debug|Any CPU
		{46D360A4-EBB0-42D3-AC42-6B9D1C283EE9}.Release|Any CPU.ActiveCfg = Release|Any CPU
		{46D360A4-EBB0-42D3-AC42-6B9D1C283EE9}.Release|Any CPU.Build.0 = Release|Any CPU
		{C2945113-F1AB-4DF1-BEEC-CA13ECB328C4}.Debug|Any CPU.ActiveCfg = Debug|Any CPU
		{C2945113-F1AB-4DF1-BEEC-CA13ECB328C4}.Debug|Any CPU.Build.0 = Debug|Any CPU
		{C2945113-F1AB-4DF1-BEEC-CA13ECB328C4}.Release|Any CPU.ActiveCfg = Release|Any CPU
		{C2945113-F1AB-4DF1-BEEC-CA13ECB328C4}.Release|Any CPU.Build.0 = Release|Any CPU
		{DA40C65E-F42F-461A-BD71-21655AA47D82}.Debug|Any CPU.ActiveCfg = Debug|Any CPU
		{DA40C65E-F42F-461A-BD71-21655AA47D82}.Debug|Any CPU.Build.0 = Debug|Any CPU
		{DA40C65E-F42F-461A-BD71-21655AA47D82}.Release|Any CPU.ActiveCfg = Release|Any CPU
		{DA40C65E-F42F-461A-BD71-21655AA47D82}.Release|Any CPU.Build.0 = Release|Any CPU
		{1A3B1CFE-3BE8-4CE1-85F5-E0AF56E1A795}.Debug|Any CPU.ActiveCfg = Debug|Any CPU
		{1A3B1CFE-3BE8-4CE1-85F5-E0AF56E1A795}.Debug|Any CPU.Build.0 = Debug|Any CPU
		{1A3B1CFE-3BE8-4CE1-85F5-E0AF56E1A795}.Release|Any CPU.ActiveCfg = Release|Any CPU
		{1A3B1CFE-3BE8-4CE1-85F5-E0AF56E1A795}.Release|Any CPU.Build.0 = Release|Any CPU
		{01F6C7C0-7E7D-4C1F-A534-CEFE08262805}.Debug|Any CPU.ActiveCfg = Debug|Any CPU
		{01F6C7C0-7E7D-4C1F-A534-CEFE08262805}.Debug|Any CPU.Build.0 = Debug|Any CPU
		{01F6C7C0-7E7D-4C1F-A534-CEFE08262805}.Release|Any CPU.ActiveCfg = Release|Any CPU
		{01F6C7C0-7E7D-4C1F-A534-CEFE08262805}.Release|Any CPU.Build.0 = Release|Any CPU
	EndGlobalSection
	GlobalSection(SolutionProperties) = preSolution
		HideSolutionNode = FALSE
	EndGlobalSection
	GlobalSection(ExtensibilityGlobals) = postSolution
		SolutionGuid = {CC5DDB93-5A18-45F3-ABFC-625687722D6C}
	EndGlobalSection
EndGlobal
